// !$*UTF8*$!
{
	archiveVersion = 1;
	classes = {
	};
	objectVersion = 48;
	objects = {

/* Begin PBXBuildFile section */
		08CB99AE203A1C3500C59DE8 /* AppDelegate.swift in Sources */ = {isa = PBXBuildFile; fileRef = 08CB99AD203A1C3500C59DE8 /* AppDelegate.swift */; };
		08CB99B3203A1C3500C59DE8 /* Main.storyboard in Resources */ = {isa = PBXBuildFile; fileRef = 08CB99B1203A1C3500C59DE8 /* Main.storyboard */; };
		08CB99B6203A1C3500C59DE8 /* SimpleApp.xcdatamodeld in Sources */ = {isa = PBXBuildFile; fileRef = 08CB99B4203A1C3500C59DE8 /* SimpleApp.xcdatamodeld */; };
		08CB99B8203A1C3500C59DE8 /* Assets.xcassets in Resources */ = {isa = PBXBuildFile; fileRef = 08CB99B7203A1C3500C59DE8 /* Assets.xcassets */; };
		08CB99BB203A1C3500C59DE8 /* LaunchScreen.storyboard in Resources */ = {isa = PBXBuildFile; fileRef = 08CB99B9203A1C3500C59DE8 /* LaunchScreen.storyboard */; };
		08E3306C203A1E0A00717AA3 /* SearchViewController.swift in Sources */ = {isa = PBXBuildFile; fileRef = 08E3306B203A1E0A00717AA3 /* SearchViewController.swift */; };
		08E3306E203A1E1800717AA3 /* ResultViewController.swift in Sources */ = {isa = PBXBuildFile; fileRef = 08E3306D203A1E1800717AA3 /* ResultViewController.swift */; };
		08E33071203A22A700717AA3 /* ClassRoom+CoreDataClass.swift in Sources */ = {isa = PBXBuildFile; fileRef = 08E3306F203A22A700717AA3 /* ClassRoom+CoreDataClass.swift */; };
		08E33072203A22A700717AA3 /* ClassRoom+CoreDataProperties.swift in Sources */ = {isa = PBXBuildFile; fileRef = 08E33070203A22A700717AA3 /* ClassRoom+CoreDataProperties.swift */; };
/* End PBXBuildFile section */

/* Begin PBXFileReference section */
		08CB99AA203A1C3500C59DE8 /* SimpleApp.app */ = {isa = PBXFileReference; explicitFileType = wrapper.application; includeInIndex = 0; path = SimpleApp.app; sourceTree = BUILT_PRODUCTS_DIR; };
		08CB99AD203A1C3500C59DE8 /* AppDelegate.swift */ = {isa = PBXFileReference; lastKnownFileType = sourcecode.swift; path = AppDelegate.swift; sourceTree = "<group>"; };
		08CB99B2203A1C3500C59DE8 /* Base */ = {isa = PBXFileReference; lastKnownFileType = file.storyboard; name = Base; path = Base.lproj/Main.storyboard; sourceTree = "<group>"; };
		08CB99B5203A1C3500C59DE8 /* SimpleApp.xcdatamodel */ = {isa = PBXFileReference; lastKnownFileType = wrapper.xcdatamodel; path = SimpleApp.xcdatamodel; sourceTree = "<group>"; };
		08CB99B7203A1C3500C59DE8 /* Assets.xcassets */ = {isa = PBXFileReference; lastKnownFileType = folder.assetcatalog; path = Assets.xcassets; sourceTree = "<group>"; };
		08CB99BA203A1C3500C59DE8 /* Base */ = {isa = PBXFileReference; lastKnownFileType = file.storyboard; name = Base; path = Base.lproj/LaunchScreen.storyboard; sourceTree = "<group>"; };
		08CB99BC203A1C3500C59DE8 /* Info.plist */ = {isa = PBXFileReference; lastKnownFileType = text.plist.xml; path = Info.plist; sourceTree = "<group>"; };
		08E3306B203A1E0A00717AA3 /* SearchViewController.swift */ = {isa = PBXFileReference; lastKnownFileType = sourcecode.swift; path = SearchViewController.swift; sourceTree = "<group>"; };
		08E3306D203A1E1800717AA3 /* ResultViewController.swift */ = {isa = PBXFileReference; lastKnownFileType = sourcecode.swift; path = ResultViewController.swift; sourceTree = "<group>"; };
		08E3306F203A22A700717AA3 /* ClassRoom+CoreDataClass.swift */ = {isa = PBXFileReference; lastKnownFileType = sourcecode.swift; path = "ClassRoom+CoreDataClass.swift"; sourceTree = "<group>"; };
		08E33070203A22A700717AA3 /* ClassRoom+CoreDataProperties.swift */ = {isa = PBXFileReference; lastKnownFileType = sourcecode.swift; path = "ClassRoom+CoreDataProperties.swift"; sourceTree = "<group>"; };
/* End PBXFileReference section */

/* Begin PBXFrameworksBuildPhase section */
		08CB99A7203A1C3500C59DE8 /* Frameworks */ = {
			isa = PBXFrameworksBuildPhase;
			buildActionMask = 2147483647;
			files = (
			);
			runOnlyForDeploymentPostprocessing = 0;
		};
/* End PBXFrameworksBuildPhase section */

/* Begin PBXGroup section */
		08CB99A1203A1C3500C59DE8 = {
			isa = PBXGroup;
			children = (
				08CB99AC203A1C3500C59DE8 /* SimpleApp */,
				08CB99AB203A1C3500C59DE8 /* Products */,
			);
			sourceTree = "<group>";
		};
		08CB99AB203A1C3500C59DE8 /* Products */ = {
			isa = PBXGroup;
			children = (
				08CB99AA203A1C3500C59DE8 /* SimpleApp.app */,
			);
			name = Products;
			sourceTree = "<group>";
		};
		08CB99AC203A1C3500C59DE8 /* SimpleApp */ = {
			isa = PBXGroup;
			children = (
				08CB99D1203A1D9200C59DE8 /* Storyboard */,
				08CB99D0203A1D6F00C59DE8 /* Resource */,
				08CB99CF203A1D6500C59DE8 /* View */,
				08CB99CE203A1D3900C59DE8 /* Model */,
				08CB99AD203A1C3500C59DE8 /* AppDelegate.swift */,
				08CB99BC203A1C3500C59DE8 /* Info.plist */,
			);
			path = SimpleApp;
			sourceTree = "<group>";
		};
		08CB99CE203A1D3900C59DE8 /* Model */ = {
			isa = PBXGroup;
			children = (
				08E3306F203A22A700717AA3 /* ClassRoom+CoreDataClass.swift */,
				08E33070203A22A700717AA3 /* ClassRoom+CoreDataProperties.swift */,
				08CB99B4203A1C3500C59DE8 /* SimpleApp.xcdatamodeld */,
			);
			path = Model;
			sourceTree = "<group>";
		};
		08CB99CF203A1D6500C59DE8 /* View */ = {
			isa = PBXGroup;
			children = (
				08E3306B203A1E0A00717AA3 /* SearchViewController.swift */,
				08E3306D203A1E1800717AA3 /* ResultViewController.swift */,
			);
			path = View;
			sourceTree = "<group>";
		};
		08CB99D0203A1D6F00C59DE8 /* Resource */ = {
			isa = PBXGroup;
			children = (
				08CB99B7203A1C3500C59DE8 /* Assets.xcassets */,
			);
			path = Resource;
			sourceTree = "<group>";
		};
		08CB99D1203A1D9200C59DE8 /* Storyboard */ = {
			isa = PBXGroup;
			children = (
				08CB99B1203A1C3500C59DE8 /* Main.storyboard */,
				08CB99B9203A1C3500C59DE8 /* LaunchScreen.storyboard */,
			);
			path = Storyboard;
			sourceTree = "<group>";
		};
/* End PBXGroup section */

/* Begin PBXNativeTarget section */
		08CB99A9203A1C3500C59DE8 /* SimpleApp */ = {
			isa = PBXNativeTarget;
			buildConfigurationList = 08CB99BF203A1C3500C59DE8 /* Build configuration list for PBXNativeTarget "SimpleApp" */;
			buildPhases = (
				08CB99A6203A1C3500C59DE8 /* Sources */,
				08CB99A7203A1C3500C59DE8 /* Frameworks */,
				08CB99A8203A1C3500C59DE8 /* Resources */,
			);
			buildRules = (
			);
			dependencies = (
			);
			name = SimpleApp;
			productName = SimpleApp;
			productReference = 08CB99AA203A1C3500C59DE8 /* SimpleApp.app */;
			productType = "com.apple.product-type.application";
		};
/* End PBXNativeTarget section */

/* Begin PBXProject section */
		08CB99A2203A1C3500C59DE8 /* Project object */ = {
			isa = PBXProject;
			attributes = {
				LastSwiftUpdateCheck = 0920;
				LastUpgradeCheck = 0920;
				ORGANIZATIONNAME = "Erik Flores";
				TargetAttributes = {
					08CB99A9203A1C3500C59DE8 = {
						CreatedOnToolsVersion = 9.2;
						ProvisioningStyle = Automatic;
					};
				};
			};
			buildConfigurationList = 08CB99A5203A1C3500C59DE8 /* Build configuration list for PBXProject "SimpleApp" */;
			compatibilityVersion = "Xcode 8.0";
			developmentRegion = en;
			hasScannedForEncodings = 0;
			knownRegions = (
				en,
				Base,
			);
			mainGroup = 08CB99A1203A1C3500C59DE8;
			productRefGroup = 08CB99AB203A1C3500C59DE8 /* Products */;
			projectDirPath = "";
			projectRoot = "";
			targets = (
				08CB99A9203A1C3500C59DE8 /* SimpleApp */,
			);
		};
/* End PBXProject section */

/* Begin PBXResourcesBuildPhase section */
		08CB99A8203A1C3500C59DE8 /* Resources */ = {
			isa = PBXResourcesBuildPhase;
			buildActionMask = 2147483647;
			files = (
				08CB99BB203A1C3500C59DE8 /* LaunchScreen.storyboard in Resources */,
				08CB99B8203A1C3500C59DE8 /* Assets.xcassets in Resources */,
				08CB99B3203A1C3500C59DE8 /* Main.storyboard in Resources */,
			);
			runOnlyForDeploymentPostprocessing = 0;
		};
/* End PBXResourcesBuildPhase section */

/* Begin PBXSourcesBuildPhase section */
		08CB99A6203A1C3500C59DE8 /* Sources */ = {
			isa = PBXSourcesBuildPhase;
			buildActionMask = 2147483647;
			files = (
				08E3306C203A1E0A00717AA3 /* SearchViewController.swift in Sources */,
				08CB99AE203A1C3500C59DE8 /* AppDelegate.swift in Sources */,
				08E3306E203A1E1800717AA3 /* ResultViewController.swift in Sources */,
				08E33072203A22A700717AA3 /* ClassRoom+CoreDataProperties.swift in Sources */,
				08E33071203A22A700717AA3 /* ClassRoom+CoreDataClass.swift in Sources */,
				08CB99B6203A1C3500C59DE8 /* SimpleApp.xcdatamodeld in Sources */,
			);
			runOnlyForDeploymentPostprocessing = 0;
		};
/* End PBXSourcesBuildPhase section */

/* Begin PBXVariantGroup section */
		08CB99B1203A1C3500C59DE8 /* Main.storyboard */ = {
			isa = PBXVariantGroup;
			children = (
				08CB99B2203A1C3500C59DE8 /* Base */,
			);
			name = Main.storyboard;
			sourceTree = "<group>";
		};
		08CB99B9203A1C3500C59DE8 /* LaunchScreen.storyboard */ = {
			isa = PBXVariantGroup;
			children = (
				08CB99BA203A1C3500C59DE8 /* Base */,
			);
			name = LaunchScreen.storyboard;
			sourceTree = "<group>";
		};
/* End PBXVariantGroup section */

/* Begin XCBuildConfiguration section */
		08CB99BD203A1C3500C59DE8 /* Debug */ = {
			isa = XCBuildConfiguration;
			buildSettings = {
				ALWAYS_SEARCH_USER_PATHS = NO;
				CLANG_ANALYZER_NONNULL = YES;
				CLANG_ANALYZER_NUMBER_OBJECT_CONVERSION = YES_AGGRESSIVE;
				CLANG_CXX_LANGUAGE_STANDARD = "gnu++14";
				CLANG_CXX_LIBRARY = "libc++";
				CLANG_ENABLE_MODULES = YES;
				CLANG_ENABLE_OBJC_ARC = YES;
				CLANG_WARN_BLOCK_CAPTURE_AUTORELEASING = YES;
				CLANG_WARN_BOOL_CONVERSION = YES;
				CLANG_WARN_COMMA = YES;
				CLANG_WARN_CONSTANT_CONVERSION = YES;
				CLANG_WARN_DIRECT_OBJC_ISA_USAGE = YES_ERROR;
				CLANG_WARN_DOCUMENTATION_COMMENTS = YES;
				CLANG_WARN_EMPTY_BODY = YES;
				CLANG_WARN_ENUM_CONVERSION = YES;
				CLANG_WARN_INFINITE_RECURSION = YES;
				CLANG_WARN_INT_CONVERSION = YES;
				CLANG_WARN_NON_LITERAL_NULL_CONVERSION = YES;
				CLANG_WARN_OBJC_LITERAL_CONVERSION = YES;
				CLANG_WARN_OBJC_ROOT_CLASS = YES_ERROR;
				CLANG_WARN_RANGE_LOOP_ANALYSIS = YES;
				CLANG_WARN_STRICT_PROTOTYPES = YES;
				CLANG_WARN_SUSPICIOUS_MOVE = YES;
				CLANG_WARN_UNGUARDED_AVAILABILITY = YES_AGGRESSIVE;
				CLANG_WARN_UNREACHABLE_CODE = YES;
				CLANG_WARN__DUPLICATE_METHOD_MATCH = YES;
				CODE_SIGN_IDENTITY = "iPhone Developer";
				COPY_PHASE_STRIP = NO;
				DEBUG_INFORMATION_FORMAT = dwarf;
				ENABLE_STRICT_OBJC_MSGSEND = YES;
				ENABLE_TESTABILITY = YES;
				GCC_C_LANGUAGE_STANDARD = gnu11;
				GCC_DYNAMIC_NO_PIC = NO;
				GCC_NO_COMMON_BLOCKS = YES;
				GCC_OPTIMIZATION_LEVEL = 0;
				GCC_PREPROCESSOR_DEFINITIONS = (
					"DEBUG=1",
					"$(inherited)",
				);
				GCC_WARN_64_TO_32_BIT_CONVERSION = YES;
				GCC_WARN_ABOUT_RETURN_TYPE = YES_ERROR;
				GCC_WARN_UNDECLARED_SELECTOR = YES;
				GCC_WARN_UNINITIALIZED_AUTOS = YES_AGGRESSIVE;
				GCC_WARN_UNUSED_FUNCTION = YES;
				GCC_WARN_UNUSED_VARIABLE = YES;
				IPHONEOS_DEPLOYMENT_TARGET = 11.2;
				MTL_ENABLE_DEBUG_INFO = YES;
				ONLY_ACTIVE_ARCH = YES;
				SDKROOT = iphoneos;
				SWIFT_ACTIVE_COMPILATION_CONDITIONS = DEBUG;
				SWIFT_OPTIMIZATION_LEVEL = "-Onone";
			};
			name = Debug;
		};
		08CB99BE203A1C3500C59DE8 /* Release */ = {
			isa = XCBuildConfiguration;
			buildSettings = {
				ALWAYS_SEARCH_USER_PATHS = NO;
				CLANG_ANALYZER_NONNULL = YES;
				CLANG_ANALYZER_NUMBER_OBJECT_CONVERSION = YES_AGGRESSIVE;
				CLANG_CXX_LANGUAGE_STANDARD = "gnu++14";
				CLANG_CXX_LIBRARY = "libc++";
				CLANG_ENABLE_MODULES = YES;
				CLANG_ENABLE_OBJC_ARC = YES;
				CLANG_WARN_BLOCK_CAPTURE_AUTORELEASING = YES;
				CLANG_WARN_BOOL_CONVERSION = YES;
				CLANG_WARN_COMMA = YES;
				CLANG_WARN_CONSTANT_CONVERSION = YES;
				CLANG_WARN_DIRECT_OBJC_ISA_USAGE = YES_ERROR;
				CLANG_WARN_DOCUMENTATION_COMMENTS = YES;
				CLANG_WARN_EMPTY_BODY = YES;
				CLANG_WARN_ENUM_CONVERSION = YES;
				CLANG_WARN_INFINITE_RECURSION = YES;
				CLANG_WARN_INT_CONVERSION = YES;
				CLANG_WARN_NON_LITERAL_NULL_CONVERSION = YES;
				CLANG_WARN_OBJC_LITERAL_CONVERSION = YES;
				CLANG_WARN_OBJC_ROOT_CLASS = YES_ERROR;
				CLANG_WARN_RANGE_LOOP_ANALYSIS = YES;
				CLANG_WARN_STRICT_PROTOTYPES = YES;
				CLANG_WARN_SUSPICIOUS_MOVE = YES;
				CLANG_WARN_UNGUARDED_AVAILABILITY = YES_AGGRESSIVE;
				CLANG_WARN_UNREACHABLE_CODE = YES;
				CLANG_WARN__DUPLICATE_METHOD_MATCH = YES;
				CODE_SIGN_IDENTITY = "iPhone Developer";
				COPY_PHASE_STRIP = NO;
				DEBUG_INFORMATION_FORMAT = "dwarf-with-dsym";
				ENABLE_NS_ASSERTIONS = NO;
				ENABLE_STRICT_OBJC_MSGSEND = YES;
				GCC_C_LANGUAGE_STANDARD = gnu11;
				GCC_NO_COMMON_BLOCKS = YES;
				GCC_WARN_64_TO_32_BIT_CONVERSION = YES;
				GCC_WARN_ABOUT_RETURN_TYPE = YES_ERROR;
				GCC_WARN_UNDECLARED_SELECTOR = YES;
				GCC_WARN_UNINITIALIZED_AUTOS = YES_AGGRESSIVE;
				GCC_WARN_UNUSED_FUNCTION = YES;
				GCC_WARN_UNUSED_VARIABLE = YES;
				IPHONEOS_DEPLOYMENT_TARGET = 11.2;
				MTL_ENABLE_DEBUG_INFO = NO;
				SDKROOT = iphoneos;
				SWIFT_OPTIMIZATION_LEVEL = "-Owholemodule";
				VALIDATE_PRODUCT = YES;
			};
			name = Release;
		};
		08CB99C0203A1C3500C59DE8 /* Debug */ = {
			isa = XCBuildConfiguration;
			buildSettings = {
				ASSETCATALOG_COMPILER_APPICON_NAME = AppIcon;
				CODE_SIGN_STYLE = Automatic;
				DEVELOPMENT_TEAM = CPX7FN2K89;
				INFOPLIST_FILE = SimpleApp/Info.plist;
				LD_RUNPATH_SEARCH_PATHS = "$(inherited) @executable_path/Frameworks";
				PRODUCT_BUNDLE_IDENTIFIER = com.erikfloresq.SimpleApp;
				PRODUCT_NAME = "$(TARGET_NAME)";
				SWIFT_VERSION = 4.0;
				TARGETED_DEVICE_FAMILY = "1,2";
			};
			name = Debug;
		};
		08CB99C1203A1C3500C59DE8 /* Release */ = {
			isa = XCBuildConfiguration;
			buildSettings = {
				ASSETCATALOG_COMPILER_APPICON_NAME = AppIcon;
				CODE_SIGN_STYLE = Automatic;
				DEVELOPMENT_TEAM = CPX7FN2K89;
				INFOPLIST_FILE = SimpleApp/Info.plist;
				LD_RUNPATH_SEARCH_PATHS = "$(inherited) @executable_path/Frameworks";
				PRODUCT_BUNDLE_IDENTIFIER = com.erikfloresq.SimpleApp;
				PRODUCT_NAME = "$(TARGET_NAME)";
				SWIFT_VERSION = 4.0;
				TARGETED_DEVICE_FAMILY = "1,2";
			};
			name = Release;
		};
/* End XCBuildConfiguration section */

/* Begin XCConfigurationList section */
		08CB99A5203A1C3500C59DE8 /* Build configuration list for PBXProject "SimpleApp" */ = {
			isa = XCConfigurationList;
			buildConfigurations = (
				08CB99BD203A1C3500C59DE8 /* Debug */,
				08CB99BE203A1C3500C59DE8 /* Release */,
			);
			defaultConfigurationIsVisible = 0;
			defaultConfigurationName = Release;
		};
		08CB99BF203A1C3500C59DE8 /* Build configuration list for PBXNativeTarget "SimpleApp" */ = {
			isa = XCConfigurationList;
			buildConfigurations = (
				08CB99C0203A1C3500C59DE8 /* Debug */,
				08CB99C1203A1C3500C59DE8 /* Release */,
			);
			defaultConfigurationIsVisible = 0;
			defaultConfigurationName = Release;
		};
/* End XCConfigurationList section */

/* Begin XCVersionGroup section */
		08CB99B4203A1C3500C59DE8 /* SimpleApp.xcdatamodeld */ = {
			isa = XCVersionGroup;
			children = (
				08CB99B5203A1C3500C59DE8 /* SimpleApp.xcdatamodel */,
			);
			currentVersion = 08CB99B5203A1C3500C59DE8 /* SimpleApp.xcdatamodel */;
			path = SimpleApp.xcdatamodeld;
			sourceTree = "<group>";
			versionGroupType = wrapper.xcdatamodel;
		};
/* End XCVersionGroup section */
	};
	rootObject = 08CB99A2203A1C3500C59DE8 /* Project object */;
}
